
Microsoft Visual Studio Solution File, Format Version 12.00
# Visual Studio Version 17
VisualStudioVersion = 17.3.32811.315
MinimumVisualStudioVersion = 10.0.40219.1
Project("{9A19103F-16F7-4668-BE54-9A1E7A4F7556}") = "src", "src.csproj", "{D109639D-3CF6-4840-9665-32E2A2A22DBA}"
EndProject
Global
	GlobalSection(SolutionConfigurationPlatforms) = preSolution
		Debug|Any CPU = Debug|Any CPU
		Release|Any CPU = Release|Any CPU
	EndGlobalSection
	GlobalSection(ProjectConfigurationPlatforms) = postSolution
		{D109639D-3CF6-4840-9665-32E2A2A22DBA}.Debug|Any CPU.ActiveCfg = Debug|Any CPU
		{D109639D-3CF6-4840-9665-32E2A2A22DBA}.Debug|Any CPU.Build.0 = Debug|Any CPU
		{D109639D-3CF6-4840-9665-32E2A2A22DBA}.Release|Any CPU.ActiveCfg = Release|Any CPU
		{D109639D-3CF6-4840-9665-32E2A2A22DBA}.Release|Any CPU.Build.0 = Release|Any CPU
	EndGlobalSection
	GlobalSection(SolutionProperties) = preSolution
		HideSolutionNode = FALSE
	EndGlobalSection
	GlobalSection(ExtensibilityGlobals) = postSolution
		SolutionGuid = {813BCE18-0B59-4AEE-8EFE-C90BBC4B04E3}
	EndGlobalSection
EndGlobal
